
Microsoft Visual Studio Solution File, Format Version 12.00
# Visual Studio Version 17
VisualStudioVersion = 17.7.34031.279
MinimumVisualStudioVersion = 10.0.40219.1
Project("{FAE04EC0-301F-11D3-BF4B-00C04F79EFBC}") = "BirthdayProject", "BirthdayProject\BirthdayProject.csproj", "{35771D6D-7D84-405D-A184-821B12EC481C}"
EndProject
Global
	GlobalSection(SolutionConfigurationPlatforms) = preSolution
		Debug|Any CPU = Debug|Any CPU
		Release|Any CPU = Release|Any CPU
	EndGlobalSection
	GlobalSection(ProjectConfigurationPlatforms) = postSolution
		{35771D6D-7D84-405D-A184-821B12EC481C}.Debug|Any CPU.ActiveCfg = Debug|Any CPU
		{35771D6D-7D84-405D-A184-821B12EC481C}.Debug|Any CPU.Build.0 = Debug|Any CPU
		{35771D6D-7D84-405D-A184-821B12EC481C}.Release|Any CPU.ActiveCfg = Release|Any CPU
		{35771D6D-7D84-405D-A184-821B12EC481C}.Release|Any CPU.Build.0 = Release|Any CPU
	EndGlobalSection
	GlobalSection(SolutionProperties) = preSolution
		HideSolutionNode = FALSE
	EndGlobalSection
	GlobalSection(ExtensibilityGlobals) = postSolution
		SolutionGuid = {A95C3C0B-C64A-4912-ADAB-CD6020A60191}
	EndGlobalSection
EndGlobal
